{
  "name": "ecommerce_nextjs-lab",
  "lockfileVersion": 3,
  "requires": true,
  "packages": {
    "": {
      "dependencies": {
        "@datadog/browser-logs": "^6.2.1",
        "@datadog/browser-rum": "^6.2.1"
      }
    },
    "node_modules/@datadog/browser-core": {
      "version": "6.2.1",
      "resolved": "https://registry.npmjs.org/@datadog/browser-core/-/browser-core-6.2.1.tgz",
      "integrity": "sha512-D+nGzkp0m9f384bPoXkQKBg2aBeZkPAu6+E4m07Z4tn6z8QeZ9PBi0+CtsfmTvIBPGXk4LRDA7n+nVPwaZnDJQ==",
      "license": "Apache-2.0"
    },
    "node_modules/@datadog/browser-logs": {
      "version": "6.2.1",
      "resolved": "https://registry.npmjs.org/@datadog/browser-logs/-/browser-logs-6.2.1.tgz",
      "integrity": "sha512-04bkY2JG8Vuj53XC0muXmyvxE/1HFn/M5Z7qcefhhC8TUkG6bYa1NGOvDDM0srgYzRpw9YLjvcMYHgGxHASOXA==",
      "license": "Apache-2.0",
      "dependencies": {
        "@datadog/browser-core": "6.2.1"
      },
      "peerDependencies": {
        "@datadog/browser-rum": "6.2.1"
      },
      "peerDependenciesMeta": {
        "@datadog/browser-rum": {
          "optional": true
        }
      }
    },
    "node_modules/@datadog/browser-rum": {
      "version": "6.2.1",
      "resolved": "https://registry.npmjs.org/@datadog/browser-rum/-/browser-rum-6.2.1.tgz",
      "integrity": "sha512-Z/GE3FWvMpLyUhpzUCFBKykimHBH862x1AG94GYNU65HAB7LV0MFpS0bhh9HSBp3/6jobUjMTOZ/Qmt6H0yADg==",
      "license": "Apache-2.0",
      "dependencies": {
        "@datadog/browser-core": "6.2.1",
        "@datadog/browser-rum-core": "6.2.1"
      },
      "peerDependencies": {
        "@datadog/browser-logs": "6.2.1"
      },
      "peerDependenciesMeta": {
        "@datadog/browser-logs": {
          "optional": true
        }
      }
    },
    "node_modules/@datadog/browser-rum-core": {
      "version": "6.2.1",
      "resolved": "https://registry.npmjs.org/@datadog/browser-rum-core/-/browser-rum-core-6.2.1.tgz",
      "integrity": "sha512-9FL9B3pZH0WvKQIxn2gJhdGtdtmq92i+gFCIHooaGc5sOw6G2mol098PuGxcIbm3Vfn4odIed5nYNp/eZkipKA==",
      "license": "Apache-2.0",
      "dependencies": {
        "@datadog/browser-core": "6.2.1"
      }
    }
  }
}
