{
  "version": 4,
  "terraform_version": "1.6.3",
  "serial": 36,
  "lineage": "eeabfd89-c3e7-165c-07fd-4e487ae4c8be",
  "outputs": {},
  "resources": [
    {
      "mode": "managed",
      "type": "datadog_downtime_schedule",
      "name": "off_hours_downtime",
      "provider": "provider[\"registry.terraform.io/datadog/datadog\"]",
      "instances": [
        {
          "schema_version": 0,
          "attributes": {
            "display_timezone": "America/Sao_Paulo",
            "id": "e651084a-9f44-481b-b46d-b494781f3438",
            "message": "Silenciando alertas fora do horário comercial (19h às 9h diariamente).",
            "monitor_identifier": {
              "monitor_id": null,
              "monitor_tags": [
                "team:finops-test"
              ]
            },
            "mute_first_recovery_notification": false,
            "notify_end_states": [
              "alert",
              "no data",
              "warn"
            ],
            "notify_end_types": [
              "expired"
            ],
            "one_time_schedule": null,
            "recurring_schedule": {
              "recurrence": [
                {
                  "duration": "14h",
                  "rrule": "FREQ=DAILY;INTERVAL=1;BYHOUR=19,20,21,22,23,0,1,2,3,4,5,6,7,8",
                  "start": "2024-12-06T10:57:26"
                }
              ],
              "timezone": "America/Sao_Paulo"
            },
            "scope": "env:onprem"
          },
          "sensitive_attributes": []
        }
      ]
    },
    {
      "mode": "managed",
      "type": "datadog_monitor",
      "name": "low_cpu_utilization",
      "provider": "provider[\"registry.terraform.io/datadog/datadog\"]",
      "instances": [
        {
          "schema_version": 0,
          "attributes": {
            "enable_logs_sample": null,
            "enable_samples": null,
            "escalation_message": "",
            "evaluation_delay": 0,
            "force_delete": null,
            "group_retention_duration": "",
            "groupby_simple_monitor": null,
            "id": "159733245",
            "include_tags": true,
            "locked": false,
            "message": "{{#is_alert}}O host {{host.name}} está com CPU ociosa acima de 80% por 30 minutos. Verifique possíveis otimizações de workload.{{/is_alert}}\n{{#is_alert_recovery}}O host {{host.name}} voltou a ser utilizado normalmente.{{/is_alert_recovery}} @finops-test",
            "monitor_threshold_windows": [],
            "monitor_thresholds": [],
            "name": "Host CPU ociosa - Baixa Utilização",
            "new_group_delay": 0,
            "new_host_delay": 300,
            "no_data_timeframe": 0,
            "notification_preset_name": "",
            "notify_audit": false,
            "notify_by": [],
            "notify_no_data": false,
            "on_missing_data": "",
            "priority": "2",
            "query": "avg(last_30m):avg:system.cpu.idle{host:*} by {host} \u003e 80",
            "renotify_interval": 0,
            "renotify_occurrences": 0,
            "renotify_statuses": null,
            "require_full_window": true,
            "restricted_roles": null,
            "scheduling_options": [],
            "tags": [
              "downtime:true",
              "env:onprem",
              "resource:cpu",
              "team:finops-test"
            ],
            "timeout_h": 0,
            "type": "query alert",
            "validate": null,
            "variables": []
          },
          "sensitive_attributes": [],
          "private": "bnVsbA=="
        }
      ]
    },
    {
      "mode": "managed",
      "type": "datadog_monitor",
      "name": "low_disk_activity",
      "provider": "provider[\"registry.terraform.io/datadog/datadog\"]",
      "instances": [
        {
          "schema_version": 0,
          "attributes": {
            "enable_logs_sample": null,
            "enable_samples": null,
            "escalation_message": "",
            "evaluation_delay": 0,
            "force_delete": null,
            "group_retention_duration": "",
            "groupby_simple_monitor": null,
            "id": "159733244",
            "include_tags": true,
            "locked": false,
            "message": "{{#is_alert}}O host {{host.name}} apresenta baixa atividade de disco (utilização abaixo de 10%) por 1 hora. Verifique possíveis subutilizações.{{/is_alert}}\n{{#is_alert_recovery}}O host {{host.name}} retomou a atividade normal de disco.{{/is_alert_recovery}} @finops-test",
            "monitor_threshold_windows": [],
            "monitor_thresholds": [],
            "name": "Host Disco - Baixa Atividade",
            "new_group_delay": 0,
            "new_host_delay": 300,
            "no_data_timeframe": 0,
            "notification_preset_name": "",
            "notify_audit": false,
            "notify_by": [],
            "notify_no_data": false,
            "on_missing_data": "",
            "priority": "2",
            "query": "avg(last_1h):avg:system.io.util{host:*} by {host} \u003c 10",
            "renotify_interval": 0,
            "renotify_occurrences": 0,
            "renotify_statuses": null,
            "require_full_window": true,
            "restricted_roles": null,
            "scheduling_options": [],
            "tags": [
              "downtime:true",
              "env:onprem",
              "resource:disk",
              "team:finops-test"
            ],
            "timeout_h": 0,
            "type": "query alert",
            "validate": null,
            "variables": []
          },
          "sensitive_attributes": [],
          "private": "bnVsbA=="
        }
      ]
    },
    {
      "mode": "managed",
      "type": "datadog_monitor",
      "name": "low_memory_utilization",
      "provider": "provider[\"registry.terraform.io/datadog/datadog\"]",
      "instances": [
        {
          "schema_version": 0,
          "attributes": {
            "enable_logs_sample": null,
            "enable_samples": null,
            "escalation_message": "",
            "evaluation_delay": 0,
            "force_delete": null,
            "group_retention_duration": "",
            "groupby_simple_monitor": null,
            "id": "159733246",
            "include_tags": true,
            "locked": false,
            "message": "{{#is_alert}}O host {{host.name}} está com mais de 80% de memória disponível por 1 hora. Considere otimizar a alocação de recursos.{{/is_alert}}\n{{#is_alert_recovery}}O host {{host.name}} voltou a utilizar a memória de forma eficiente.{{/is_alert_recovery}} @finops-test",
            "monitor_threshold_windows": [],
            "monitor_thresholds": [],
            "name": "Host Memória - Alta Disponibilidade",
            "new_group_delay": 0,
            "new_host_delay": 300,
            "no_data_timeframe": 0,
            "notification_preset_name": "",
            "notify_audit": false,
            "notify_by": [],
            "notify_no_data": false,
            "on_missing_data": "",
            "priority": "2",
            "query": "avg(last_1h):avg:system.mem.pct_usable{host:*} by {host} \u003e 80",
            "renotify_interval": 0,
            "renotify_occurrences": 0,
            "renotify_statuses": null,
            "require_full_window": true,
            "restricted_roles": null,
            "scheduling_options": [],
            "tags": [
              "downtime:true",
              "env:onprem",
              "resource:memory",
              "team:finops-test"
            ],
            "timeout_h": 0,
            "type": "query alert",
            "validate": null,
            "variables": []
          },
          "sensitive_attributes": [],
          "private": "bnVsbA=="
        }
      ]
    }
  ],
  "check_results": null
}
